
Microsoft Visual Studio Solution File, Format Version 12.00
# Visual Studio Version 17
VisualStudioVersion = 17.8.34309.116
MinimumVisualStudioVersion = 10.0.40219.1
Project("{FAE04EC0-301F-11D3-BF4B-00C04F79EFBC}") = "WebAPI", "WebAPI\WebAPI.csproj", "{60D0E5AE-9554-4FB6-A8F4-FC7A15AF5D9A}"
EndProject
Global
	GlobalSection(SolutionConfigurationPlatforms) = preSolution
		Debug|Any CPU = Debug|Any CPU
		Release|Any CPU = Release|Any CPU
	EndGlobalSection
	GlobalSection(ProjectConfigurationPlatforms) = postSolution
		{60D0E5AE-9554-4FB6-A8F4-FC7A15AF5D9A}.Debug|Any CPU.ActiveCfg = Debug|Any CPU
		{60D0E5AE-9554-4FB6-A8F4-FC7A15AF5D9A}.Debug|Any CPU.Build.0 = Debug|Any CPU
		{60D0E5AE-9554-4FB6-A8F4-FC7A15AF5D9A}.Release|Any CPU.ActiveCfg = Release|Any CPU
		{60D0E5AE-9554-4FB6-A8F4-FC7A15AF5D9A}.Release|Any CPU.Build.0 = Release|Any CPU
	EndGlobalSection
	GlobalSection(SolutionProperties) = preSolution
		HideSolutionNode = FALSE
	EndGlobalSection
	GlobalSection(ExtensibilityGlobals) = postSolution
		SolutionGuid = {EE3DA050-7D6B-4EC5-9F69-1FA179944377}
	EndGlobalSection
EndGlobal
