
Microsoft Visual Studio Solution File, Format Version 12.00
# Visual Studio Version 17
VisualStudioVersion = 17.8.34408.163
MinimumVisualStudioVersion = 10.0.40219.1
Project("{FAE04EC0-301F-11D3-BF4B-00C04F79EFBC}") = "MarkoNenadovicAPI", "MarkoNenadovicAPI\MarkoNenadovicAPI.csproj", "{96B22ED7-4765-407B-AFB2-3111903E0AEF}"
EndProject
Global
	GlobalSection(SolutionConfigurationPlatforms) = preSolution
		Debug|Any CPU = Debug|Any CPU
		Release|Any CPU = Release|Any CPU
	EndGlobalSection
	GlobalSection(ProjectConfigurationPlatforms) = postSolution
		{96B22ED7-4765-407B-AFB2-3111903E0AEF}.Debug|Any CPU.ActiveCfg = Debug|Any CPU
		{96B22ED7-4765-407B-AFB2-3111903E0AEF}.Debug|Any CPU.Build.0 = Debug|Any CPU
		{96B22ED7-4765-407B-AFB2-3111903E0AEF}.Release|Any CPU.ActiveCfg = Release|Any CPU
		{96B22ED7-4765-407B-AFB2-3111903E0AEF}.Release|Any CPU.Build.0 = Release|Any CPU
	EndGlobalSection
	GlobalSection(SolutionProperties) = preSolution
		HideSolutionNode = FALSE
	EndGlobalSection
	GlobalSection(ExtensibilityGlobals) = postSolution
		SolutionGuid = {4A41CECC-0EA3-49C6-A25F-17E923D2CF8A}
	EndGlobalSection
EndGlobal
